Microsoft Visual Studio Solution File, Format Version 12.00
# Visual Studio Version 17
VisualStudioVersion = 17.10.35013.160
MinimumVisualStudioVersion = 10.0.40219.1
Project("{9A19103F-16F7-4668-BE54-9A1E7A4F7556}") = "SmartPPC.Core", "SmartPPC.Core\SmartPPC.Core.csproj", "{D1B1C818-1C4C-4D92-B555-1F252B914669}"
EndProject
Project("{9A19103F-16F7-4668-BE54-9A1E7A4F7556}") = "SmartPPC.ServiceDefaults", "SmartPPC.ServiceDefaults\SmartPPC.ServiceDefaults.csproj", "{CA3F5E79-B40A-4D06-B555-71DBEB6B8822}"
EndProject
Project("{9A19103F-16F7-4668-BE54-9A1E7A4F7556}") = "SmartPPC.AppHost", "SmartPPC.AppHost\SmartPPC.AppHost.csproj", "{3220A902-4A25-4664-BC24-740522B15427}"
EndProject
Project("{9A19103F-16F7-4668-BE54-9A1E7A4F7556}") = "SmartPPC.Api", "SmartPPC.Api\SmartPPC.Api.csproj", "{39767A1D-E974-40D8-A933-134425F757FA}"
EndProject
Project("{FAE04EC0-301F-11D3-BF4B-00C04F79EFBC}") = "SmartPPC.Console", "SmartPPC.Console\SmartPPC.Console.csproj", "{14BF1F2F-CC18-4651-BE53-5968EDC16FF1}"
EndProject
Global
	GlobalSection(SolutionConfigurationPlatforms) = preSolution
		Debug|Any CPU = Debug|Any CPU
		Release|Any CPU = Release|Any CPU
	EndGlobalSection
	GlobalSection(ProjectConfigurationPlatforms) = postSolution
		{D1B1C818-1C4C-4D92-B555-1F252B914669}.Debug|Any CPU.ActiveCfg = Debug|Any CPU
		{D1B1C818-1C4C-4D92-B555-1F252B914669}.Debug|Any CPU.Build.0 = Debug|Any CPU
		{D1B1C818-1C4C-4D92-B555-1F252B914669}.Release|Any CPU.ActiveCfg = Release|Any CPU
		{D1B1C818-1C4C-4D92-B555-1F252B914669}.Release|Any CPU.Build.0 = Release|Any CPU
		{CA3F5E79-B40A-4D06-B555-71DBEB6B8822}.Debug|Any CPU.ActiveCfg = Debug|Any CPU
		{CA3F5E79-B40A-4D06-B555-71DBEB6B8822}.Debug|Any CPU.Build.0 = Debug|Any CPU
		{CA3F5E79-B40A-4D06-B555-71DBEB6B8822}.Release|Any CPU.ActiveCfg = Release|Any CPU
		{CA3F5E79-B40A-4D06-B555-71DBEB6B8822}.Release|Any CPU.Build.0 = Release|Any CPU
		{3220A902-4A25-4664-BC24-740522B15427}.Debug|Any CPU.ActiveCfg = Debug|Any CPU
		{3220A902-4A25-4664-BC24-740522B15427}.Debug|Any CPU.Build.0 = Debug|Any CPU
		{3220A902-4A25-4664-BC24-740522B15427}.Release|Any CPU.ActiveCfg = Release|Any CPU
		{3220A902-4A25-4664-BC24-740522B15427}.Release|Any CPU.Build.0 = Release|Any CPU
		{39767A1D-E974-40D8-A933-134425F757FA}.Debug|Any CPU.ActiveCfg = Debug|Any CPU
		{39767A1D-E974-40D8-A933-134425F757FA}.Debug|Any CPU.Build.0 = Debug|Any CPU
		{39767A1D-E974-40D8-A933-134425F757FA}.Release|Any CPU.ActiveCfg = Release|Any CPU
		{39767A1D-E974-40D8-A933-134425F757FA}.Release|Any CPU.Build.0 = Release|Any CPU
		{14BF1F2F-CC18-4651-BE53-5968EDC16FF1}.Debug|Any CPU.ActiveCfg = Debug|Any CPU
		{14BF1F2F-CC18-4651-BE53-5968EDC16FF1}.Debug|Any CPU.Build.0 = Debug|Any CPU
		{14BF1F2F-CC18-4651-BE53-5968EDC16FF1}.Release|Any CPU.ActiveCfg = Release|Any CPU
		{14BF1F2F-CC18-4651-BE53-5968EDC16FF1}.Release|Any CPU.Build.0 = Release|Any CPU
	EndGlobalSection
	GlobalSection(SolutionProperties) = preSolution
		HideSolutionNode = FALSE
	EndGlobalSection
	GlobalSection(ExtensibilityGlobals) = postSolution
		SolutionGuid = {BBC53273-E532-4FAD-982F-0CFD8866CA6C}
	EndGlobalSection
EndGlobal
